
Microsoft Visual Studio Solution File, Format Version 11.00
# Visual Studio 2010
Project("{FAE04EC0-301F-11D3-BF4B-00C04F79EFBC}") = "ULuaHotFix", "Assembly-CSharp.csproj", "{0F1BC25E-E1CD-AC38-3231-1F01BA38211A}"
EndProject
Project("{FAE04EC0-301F-11D3-BF4B-00C04F79EFBC}") = "ULuaHotFix", "Assembly-CSharp-firstpass.csproj", "{BF86555D-419E-E59C-B54B-3143240A90B1}"
EndProject
Project("{FAE04EC0-301F-11D3-BF4B-00C04F79EFBC}") = "ULuaHotFix", "Assembly-CSharp-Editor.csproj", "{D88DA9D2-0F08-731C-1FC6-3336EA1AFFB5}"
EndProject
Global
	GlobalSection(SolutionConfigurationPlatforms) = preSolution
		Debug|Any CPU = Debug|Any CPU
		Release|Any CPU = Release|Any CPU
	EndGlobalSection
	GlobalSection(ProjectConfigurationPlatforms) = postSolution
		{0F1BC25E-E1CD-AC38-3231-1F01BA38211A}.Debug|Any CPU.ActiveCfg = Debug|Any CPU
		{0F1BC25E-E1CD-AC38-3231-1F01BA38211A}.Debug|Any CPU.Build.0 = Debug|Any CPU
		{0F1BC25E-E1CD-AC38-3231-1F01BA38211A}.Release|Any CPU.ActiveCfg = Release|Any CPU
		{0F1BC25E-E1CD-AC38-3231-1F01BA38211A}.Release|Any CPU.Build.0 = Release|Any CPU
		{BF86555D-419E-E59C-B54B-3143240A90B1}.Debug|Any CPU.ActiveCfg = Debug|Any CPU
		{BF86555D-419E-E59C-B54B-3143240A90B1}.Debug|Any CPU.Build.0 = Debug|Any CPU
		{BF86555D-419E-E59C-B54B-3143240A90B1}.Release|Any CPU.ActiveCfg = Release|Any CPU
		{BF86555D-419E-E59C-B54B-3143240A90B1}.Release|Any CPU.Build.0 = Release|Any CPU
		{D88DA9D2-0F08-731C-1FC6-3336EA1AFFB5}.Debug|Any CPU.ActiveCfg = Debug|Any CPU
		{D88DA9D2-0F08-731C-1FC6-3336EA1AFFB5}.Debug|Any CPU.Build.0 = Debug|Any CPU
		{D88DA9D2-0F08-731C-1FC6-3336EA1AFFB5}.Release|Any CPU.ActiveCfg = Release|Any CPU
		{D88DA9D2-0F08-731C-1FC6-3336EA1AFFB5}.Release|Any CPU.Build.0 = Release|Any CPU
	EndGlobalSection
	GlobalSection(SolutionProperties) = preSolution
		HideSolutionNode = FALSE
	EndGlobalSection
	GlobalSection(MonoDevelopProperties) = preSolution
		StartupItem = Assembly-CSharp.csproj
	EndGlobalSection
EndGlobal
